
Microsoft Visual Studio Solution File, Format Version 12.00
# Visual Studio Version 16
VisualStudioVersion = 16.0.29424.173
MinimumVisualStudioVersion = 10.0.40219.1
Project("{FAE04EC0-301F-11D3-BF4B-00C04F79EFBC}") = "MAL.PCN.Workflows", "MAL.Workflows\MAL.PCN.Workflows.csproj", "{239BBC56-2B96-4AA8-ACF3-94BDA62D3608}"
EndProject
Global
	GlobalSection(SolutionConfigurationPlatforms) = preSolution
		Debug|Any CPU = Debug|Any CPU
		Release|Any CPU = Release|Any CPU
	EndGlobalSection
	GlobalSection(ProjectConfigurationPlatforms) = postSolution
		{239BBC56-2B96-4AA8-ACF3-94BDA62D3608}.Debug|Any CPU.ActiveCfg = Debug|Any CPU
		{239BBC56-2B96-4AA8-ACF3-94BDA62D3608}.Debug|Any CPU.Build.0 = Debug|Any CPU
		{239BBC56-2B96-4AA8-ACF3-94BDA62D3608}.Release|Any CPU.ActiveCfg = Release|Any CPU
		{239BBC56-2B96-4AA8-ACF3-94BDA62D3608}.Release|Any CPU.Build.0 = Release|Any CPU
	EndGlobalSection
	GlobalSection(SolutionProperties) = preSolution
		HideSolutionNode = FALSE
	EndGlobalSection
	GlobalSection(ExtensibilityGlobals) = postSolution
		SolutionGuid = {4CA68B19-1DDF-488E-AB69-95AF1519BDF0}
	EndGlobalSection
EndGlobal
